{
  "name": "swagger-php-tools",
  "version": "1.0.0",
  "lockfileVersion": 3,
  "requires": true,
  "packages": {
    "": {
      "name": "swagger-php-tools",
      "version": "1.0.0",
      "license": "Apache-2.0",
      "devDependencies": {
        "@redocly/cli": "^2.57.0"
      }
    },
    "node_modules/@redocly/cli": {
      "version": "2.57.0",
      "resolved": "https://registry.npmjs.org/@redocly/cli/-/cli-2.57.0.tgz",
      "integrity": "sha512-1d5fVyUaYlMNgCHUoyE2vUyxBhs/jmOHgsX/kFmfWzESw4f/G/OV/SU9E55rU7aUNmw9rHj1vXmL6yUdIn+KKQ==",
      "dev": true,
      "license": "MIT",
      "bin": {
        "openapi": "bin/cli.js",
        "redocly": "bin/cli.js"
      },
      "engines": {
        "node": ">=22.12.0 || >=20.19.0 <21.0.0",
        "npm": ">=10"
      }
    }
  }
}
