{
  "name": "swagger-php-tools",
  "version": "1.0.0",
  "lockfileVersion": 3,
  "requires": true,
  "packages": {
    "": {
      "name": "swagger-php-tools",
      "version": "1.0.0",
      "license": "Apache-2.0",
      "devDependencies": {
        "@redocly/cli": "^2.53.3"
      }
    },
    "node_modules/@redocly/cli": {
      "version": "2.53.3",
      "resolved": "https://registry.npmjs.org/@redocly/cli/-/cli-2.53.3.tgz",
      "integrity": "sha512-hzNAWzHCOZ05vwRx0ehTxNeJaxxizjGV505eKtfs9MR/8ieD/8lYhAK4GF5FaqRRwOEpLO0PvzQwBSKYXmxhRA==",
      "dev": true,
      "license": "MIT",
      "bin": {
        "openapi": "bin/cli.js",
        "redocly": "bin/cli.js"
      },
      "engines": {
        "node": ">=22.12.0 || >=20.19.0 <21.0.0",
        "npm": ">=10"
      }
    }
  }
}
